
Microsoft Visual Studio Solution File, Format Version 12.00
# Visual Studio 15
VisualStudioVersion = 15.0.28307.705
MinimumVisualStudioVersion = 10.0.40219.1
Project("{FAE04EC0-301F-11D3-BF4B-00C04F79EFBC}") = "Calculator", "Calculator\Calculator.csproj", "{4A62A8BE-81C7-43EA-AF1B-06FF6472FF53}"
EndProject
Global
	GlobalSection(SolutionConfigurationPlatforms) = preSolution
		Debug|Any CPU = Debug|Any CPU
		Release|Any CPU = Release|Any CPU
	EndGlobalSection
	GlobalSection(ProjectConfigurationPlatforms) = postSolution
		{4A62A8BE-81C7-43EA-AF1B-06FF6472FF53}.Debug|Any CPU.ActiveCfg = Debug|Any CPU
		{4A62A8BE-81C7-43EA-AF1B-06FF6472FF53}.Debug|Any CPU.Build.0 = Debug|Any CPU
		{4A62A8BE-81C7-43EA-AF1B-06FF6472FF53}.Release|Any CPU.ActiveCfg = Release|Any CPU
		{4A62A8BE-81C7-43EA-AF1B-06FF6472FF53}.Release|Any CPU.Build.0 = Release|Any CPU
	EndGlobalSection
	GlobalSection(SolutionProperties) = preSolution
		HideSolutionNode = FALSE
	EndGlobalSection
	GlobalSection(ExtensibilityGlobals) = postSolution
		SolutionGuid = {914AC636-23F9-442C-A242-5E30C4A3D2E8}
	EndGlobalSection
EndGlobal
